
Microsoft Visual Studio Solution File, Format Version 12.00
# Visual Studio 14
VisualStudioVersion = 14.0.25420.1
MinimumVisualStudioVersion = 10.0.40219.1
Project("{FAE04EC0-301F-11D3-BF4B-00C04F79EFBC}") = "CarouselView.FormsPlugin.Abstractions", "CarouselView\CarouselView.FormsPlugin.Abstractions\CarouselView.FormsPlugin.Abstractions.csproj", "{14C534B6-1984-41A9-A384-D3A5508588E3}"
EndProject
Project("{FAE04EC0-301F-11D3-BF4B-00C04F79EFBC}") = "CarouselView.FormsPlugin.iOS", "CarouselView\CarouselView.FormsPlugin.iOS\CarouselView.FormsPlugin.iOS.csproj", "{D525F236-6A2D-4010-B1CC-4A4B8581C90B}"
EndProject
Project("{FAE04EC0-301F-11D3-BF4B-00C04F79EFBC}") = "CarouselView.FormsPlugin.Android", "CarouselView\CarouselView.FormsPlugin.Android\CarouselView.FormsPlugin.Android.csproj", "{AD2D2DB4-E781-4CF1-9B62-3AAD264F196D}"
EndProject
Project("{FAE04EC0-301F-11D3-BF4B-00C04F79EFBC}") = "Demo", "Demo\Demo.csproj", "{C9BC51AC-22BD-4471-BEFD-D41D865C0B33}"
EndProject
Project("{FAE04EC0-301F-11D3-BF4B-00C04F79EFBC}") = "Demo.Droid", "Droid\Demo.Droid.csproj", "{0948F97F-07E0-4DCB-8FDC-711EBDF1020A}"
EndProject
Project("{FAE04EC0-301F-11D3-BF4B-00C04F79EFBC}") = "Demo.iOS", "iOS\Demo.iOS.csproj", "{00A44D34-9CD1-4E5B-A1AD-248DE9B7F5BC}"
EndProject
Project("{FAE04EC0-301F-11D3-BF4B-00C04F79EFBC}") = "CarouselView.FormsPlugin.UWP", "CarouselView\CarouselView.FormsPlugin.UWP\CarouselView.FormsPlugin.UWP.csproj", "{9916A87B-5503-4E08-A21F-6CEB46CF09FD}"
EndProject
Project("{FAE04EC0-301F-11D3-BF4B-00C04F79EFBC}") = "Demo.UWP", "UWP\Demo.UWP.csproj", "{D1912CD5-0A3E-404C-8CAD-B786742BC926}"
EndProject
Global
	GlobalSection(SolutionConfigurationPlatforms) = preSolution
		AppStore|Any CPU = AppStore|Any CPU
		AppStore|ARM = AppStore|ARM
		AppStore|iPhone = AppStore|iPhone
		AppStore|iPhoneSimulator = AppStore|iPhoneSimulator
		AppStore|x64 = AppStore|x64
		AppStore|x86 = AppStore|x86
		Debug|Any CPU = Debug|Any CPU
		Debug|ARM = Debug|ARM
		Debug|iPhone = Debug|iPhone
		Debug|iPhoneSimulator = Debug|iPhoneSimulator
		Debug|x64 = Debug|x64
		Debug|x86 = Debug|x86
		Release|Any CPU = Release|Any CPU
		Release|ARM = Release|ARM
		Release|iPhone = Release|iPhone
		Release|iPhoneSimulator = Release|iPhoneSimulator
		Release|x64 = Release|x64
		Release|x86 = Release|x86
	EndGlobalSection
	GlobalSection(ProjectConfigurationPlatforms) = postSolution
		{14C534B6-1984-41A9-A384-D3A5508588E3}.AppStore|Any CPU.ActiveCfg = Release|Any CPU
		{14C534B6-1984-41A9-A384-D3A5508588E3}.AppStore|Any CPU.Build.0 = Release|Any CPU
		{14C534B6-1984-41A9-A384-D3A5508588E3}.AppStore|ARM.ActiveCfg = Debug|Any CPU
		{14C534B6-1984-41A9-A384-D3A5508588E3}.AppStore|ARM.Build.0 = Debug|Any CPU
		{14C534B6-1984-41A9-A384-D3A5508588E3}.AppStore|iPhone.ActiveCfg = Debug|Any CPU
		{14C534B6-1984-41A9-A384-D3A5508588E3}.AppStore|iPhoneSimulator.ActiveCfg = Debug|Any CPU
		{14C534B6-1984-41A9-A384-D3A5508588E3}.AppStore|x64.ActiveCfg = Debug|Any CPU
		{14C534B6-1984-41A9-A384-D3A5508588E3}.AppStore|x64.Build.0 = Debug|Any CPU
		{14C534B6-1984-41A9-A384-D3A5508588E3}.AppStore|x86.ActiveCfg = Debug|Any CPU
		{14C534B6-1984-41A9-A384-D3A5508588E3}.AppStore|x86.Build.0 = Debug|Any CPU
		{14C534B6-1984-41A9-A384-D3A5508588E3}.Debug|Any CPU.ActiveCfg = Debug|Any CPU
		{14C534B6-1984-41A9-A384-D3A5508588E3}.Debug|Any CPU.Build.0 = Debug|Any CPU
		{14C534B6-1984-41A9-A384-D3A5508588E3}.Debug|ARM.ActiveCfg = Debug|Any CPU
		{14C534B6-1984-41A9-A384-D3A5508588E3}.Debug|ARM.Build.0 = Debug|Any CPU
		{14C534B6-1984-41A9-A384-D3A5508588E3}.Debug|iPhone.ActiveCfg = Debug|Any CPU
		{14C534B6-1984-41A9-A384-D3A5508588E3}.Debug|iPhone.Build.0 = Debug|Any CPU
		{14C534B6-1984-41A9-A384-D3A5508588E3}.Debug|iPhoneSimulator.ActiveCfg = Debug|Any CPU
		{14C534B6-1984-41A9-A384-D3A5508588E3}.Debug|iPhoneSimulator.Build.0 = Debug|Any CPU
		{14C534B6-1984-41A9-A384-D3A5508588E3}.Debug|x64.ActiveCfg = Debug|Any CPU
		{14C534B6-1984-41A9-A384-D3A5508588E3}.Debug|x64.Build.0 = Debug|Any CPU
		{14C534B6-1984-41A9-A384-D3A5508588E3}.Debug|x86.ActiveCfg = Debug|Any CPU
		{14C534B6-1984-41A9-A384-D3A5508588E3}.Debug|x86.Build.0 = Debug|Any CPU
		{14C534B6-1984-41A9-A384-D3A5508588E3}.Release|Any CPU.ActiveCfg = Release|Any CPU
		{14C534B6-1984-41A9-A384-D3A5508588E3}.Release|Any CPU.Build.0 = Release|Any CPU
		{14C534B6-1984-41A9-A384-D3A5508588E3}.Release|ARM.ActiveCfg = Release|Any CPU
		{14C534B6-1984-41A9-A384-D3A5508588E3}.Release|ARM.Build.0 = Release|Any CPU
		{14C534B6-1984-41A9-A384-D3A5508588E3}.Release|iPhone.ActiveCfg = Release|Any CPU
		{14C534B6-1984-41A9-A384-D3A5508588E3}.Release|iPhone.Build.0 = Release|Any CPU
		{14C534B6-1984-41A9-A384-D3A5508588E3}.Release|iPhoneSimulator.ActiveCfg = Release|Any CPU
		{14C534B6-1984-41A9-A384-D3A5508588E3}.Release|iPhoneSimulator.Build.0 = Release|Any CPU
		{14C534B6-1984-41A9-A384-D3A5508588E3}.Release|x64.ActiveCfg = Release|Any CPU
		{14C534B6-1984-41A9-A384-D3A5508588E3}.Release|x64.Build.0 = Release|Any CPU
		{14C534B6-1984-41A9-A384-D3A5508588E3}.Release|x86.ActiveCfg = Release|Any CPU
		{14C534B6-1984-41A9-A384-D3A5508588E3}.Release|x86.Build.0 = Release|Any CPU
		{D525F236-6A2D-4010-B1CC-4A4B8581C90B}.AppStore|Any CPU.ActiveCfg = Release|Any CPU
		{D525F236-6A2D-4010-B1CC-4A4B8581C90B}.AppStore|Any CPU.Build.0 = Release|Any CPU
		{D525F236-6A2D-4010-B1CC-4A4B8581C90B}.AppStore|ARM.ActiveCfg = Release|Any CPU
		{D525F236-6A2D-4010-B1CC-4A4B8581C90B}.AppStore|ARM.Build.0 = Release|Any CPU
		{D525F236-6A2D-4010-B1CC-4A4B8581C90B}.AppStore|iPhone.ActiveCfg = Release|Any CPU
		{D525F236-6A2D-4010-B1CC-4A4B8581C90B}.AppStore|iPhone.Build.0 = Release|Any CPU
		{D525F236-6A2D-4010-B1CC-4A4B8581C90B}.AppStore|iPhoneSimulator.ActiveCfg = Release|Any CPU
		{D525F236-6A2D-4010-B1CC-4A4B8581C90B}.AppStore|iPhoneSimulator.Build.0 = Release|Any CPU
		{D525F236-6A2D-4010-B1CC-4A4B8581C90B}.AppStore|x64.ActiveCfg = Release|Any CPU
		{D525F236-6A2D-4010-B1CC-4A4B8581C90B}.AppStore|x64.Build.0 = Release|Any CPU
		{D525F236-6A2D-4010-B1CC-4A4B8581C90B}.AppStore|x86.ActiveCfg = Release|Any CPU
		{D525F236-6A2D-4010-B1CC-4A4B8581C90B}.AppStore|x86.Build.0 = Release|Any CPU
		{D525F236-6A2D-4010-B1CC-4A4B8581C90B}.Debug|Any CPU.ActiveCfg = Debug|Any CPU
		{D525F236-6A2D-4010-B1CC-4A4B8581C90B}.Debug|Any CPU.Build.0 = Debug|Any CPU
		{D525F236-6A2D-4010-B1CC-4A4B8581C90B}.Debug|ARM.ActiveCfg = Debug|Any CPU
		{D525F236-6A2D-4010-B1CC-4A4B8581C90B}.Debug|ARM.Build.0 = Debug|Any CPU
		{D525F236-6A2D-4010-B1CC-4A4B8581C90B}.Debug|iPhone.ActiveCfg = Debug|Any CPU
		{D525F236-6A2D-4010-B1CC-4A4B8581C90B}.Debug|iPhone.Build.0 = Debug|Any CPU
		{D525F236-6A2D-4010-B1CC-4A4B8581C90B}.Debug|iPhoneSimulator.ActiveCfg = Debug|Any CPU
		{D525F236-6A2D-4010-B1CC-4A4B8581C90B}.Debug|iPhoneSimulator.Build.0 = Debug|Any CPU
		{D525F236-6A2D-4010-B1CC-4A4B8581C90B}.Debug|x64.ActiveCfg = Debug|Any CPU
		{D525F236-6A2D-4010-B1CC-4A4B8581C90B}.Debug|x64.Build.0 = Debug|Any CPU
		{D525F236-6A2D-4010-B1CC-4A4B8581C90B}.Debug|x86.ActiveCfg = Debug|Any CPU
		{D525F236-6A2D-4010-B1CC-4A4B8581C90B}.Debug|x86.Build.0 = Debug|Any CPU
		{D525F236-6A2D-4010-B1CC-4A4B8581C90B}.Release|Any CPU.ActiveCfg = Release|Any CPU
		{D525F236-6A2D-4010-B1CC-4A4B8581C90B}.Release|Any CPU.Build.0 = Release|Any CPU
		{D525F236-6A2D-4010-B1CC-4A4B8581C90B}.Release|ARM.ActiveCfg = Release|Any CPU
		{D525F236-6A2D-4010-B1CC-4A4B8581C90B}.Release|ARM.Build.0 = Release|Any CPU
		{D525F236-6A2D-4010-B1CC-4A4B8581C90B}.Release|iPhone.ActiveCfg = Release|Any CPU
		{D525F236-6A2D-4010-B1CC-4A4B8581C90B}.Release|iPhone.Build.0 = Release|Any CPU
		{D525F236-6A2D-4010-B1CC-4A4B8581C90B}.Release|iPhoneSimulator.ActiveCfg = Release|Any CPU
		{D525F236-6A2D-4010-B1CC-4A4B8581C90B}.Release|iPhoneSimulator.Build.0 = Release|Any CPU
		{D525F236-6A2D-4010-B1CC-4A4B8581C90B}.Release|x64.ActiveCfg = Release|Any CPU
		{D525F236-6A2D-4010-B1CC-4A4B8581C90B}.Release|x64.Build.0 = Release|Any CPU
		{D525F236-6A2D-4010-B1CC-4A4B8581C90B}.Release|x86.ActiveCfg = Release|Any CPU
		{D525F236-6A2D-4010-B1CC-4A4B8581C90B}.Release|x86.Build.0 = Release|Any CPU
		{AD2D2DB4-E781-4CF1-9B62-3AAD264F196D}.AppStore|Any CPU.ActiveCfg = Release|Any CPU
		{AD2D2DB4-E781-4CF1-9B62-3AAD264F196D}.AppStore|Any CPU.Build.0 = Release|Any CPU
		{AD2D2DB4-E781-4CF1-9B62-3AAD264F196D}.AppStore|ARM.ActiveCfg = Debug|Any CPU
		{AD2D2DB4-E781-4CF1-9B62-3AAD264F196D}.AppStore|ARM.Build.0 = Debug|Any CPU
		{AD2D2DB4-E781-4CF1-9B62-3AAD264F196D}.AppStore|iPhone.ActiveCfg = Debug|Any CPU
		{AD2D2DB4-E781-4CF1-9B62-3AAD264F196D}.AppStore|iPhoneSimulator.ActiveCfg = Debug|Any CPU
		{AD2D2DB4-E781-4CF1-9B62-3AAD264F196D}.AppStore|x64.ActiveCfg = Debug|Any CPU
		{AD2D2DB4-E781-4CF1-9B62-3AAD264F196D}.AppStore|x64.Build.0 = Debug|Any CPU
		{AD2D2DB4-E781-4CF1-9B62-3AAD264F196D}.AppStore|x86.ActiveCfg = Debug|Any CPU
		{AD2D2DB4-E781-4CF1-9B62-3AAD264F196D}.AppStore|x86.Build.0 = Debug|Any CPU
		{AD2D2DB4-E781-4CF1-9B62-3AAD264F196D}.Debug|Any CPU.ActiveCfg = Debug|Any CPU
		{AD2D2DB4-E781-4CF1-9B62-3AAD264F196D}.Debug|Any CPU.Build.0 = Debug|Any CPU
		{AD2D2DB4-E781-4CF1-9B62-3AAD264F196D}.Debug|ARM.ActiveCfg = Debug|Any CPU
		{AD2D2DB4-E781-4CF1-9B62-3AAD264F196D}.Debug|ARM.Build.0 = Debug|Any CPU
		{AD2D2DB4-E781-4CF1-9B62-3AAD264F196D}.Debug|iPhone.ActiveCfg = Debug|Any CPU
		{AD2D2DB4-E781-4CF1-9B62-3AAD264F196D}.Debug|iPhone.Build.0 = Debug|Any CPU
		{AD2D2DB4-E781-4CF1-9B62-3AAD264F196D}.Debug|iPhoneSimulator.ActiveCfg = Debug|Any CPU
		{AD2D2DB4-E781-4CF1-9B62-3AAD264F196D}.Debug|iPhoneSimulator.Build.0 = Debug|Any CPU
		{AD2D2DB4-E781-4CF1-9B62-3AAD264F196D}.Debug|x64.ActiveCfg = Debug|Any CPU
		{AD2D2DB4-E781-4CF1-9B62-3AAD264F196D}.Debug|x64.Build.0 = Debug|Any CPU
		{AD2D2DB4-E781-4CF1-9B62-3AAD264F196D}.Debug|x86.ActiveCfg = Debug|Any CPU
		{AD2D2DB4-E781-4CF1-9B62-3AAD264F196D}.Debug|x86.Build.0 = Debug|Any CPU
		{AD2D2DB4-E781-4CF1-9B62-3AAD264F196D}.Release|Any CPU.ActiveCfg = Release|Any CPU
		{AD2D2DB4-E781-4CF1-9B62-3AAD264F196D}.Release|Any CPU.Build.0 = Release|Any CPU
		{AD2D2DB4-E781-4CF1-9B62-3AAD264F196D}.Release|ARM.ActiveCfg = Release|Any CPU
		{AD2D2DB4-E781-4CF1-9B62-3AAD264F196D}.Release|ARM.Build.0 = Release|Any CPU
		{AD2D2DB4-E781-4CF1-9B62-3AAD264F196D}.Release|iPhone.ActiveCfg = Release|Any CPU
		{AD2D2DB4-E781-4CF1-9B62-3AAD264F196D}.Release|iPhone.Build.0 = Release|Any CPU
		{AD2D2DB4-E781-4CF1-9B62-3AAD264F196D}.Release|iPhoneSimulator.ActiveCfg = Release|Any CPU
		{AD2D2DB4-E781-4CF1-9B62-3AAD264F196D}.Release|iPhoneSimulator.Build.0 = Release|Any CPU
		{AD2D2DB4-E781-4CF1-9B62-3AAD264F196D}.Release|x64.ActiveCfg = Release|Any CPU
		{AD2D2DB4-E781-4CF1-9B62-3AAD264F196D}.Release|x64.Build.0 = Release|Any CPU
		{AD2D2DB4-E781-4CF1-9B62-3AAD264F196D}.Release|x86.ActiveCfg = Release|Any CPU
		{AD2D2DB4-E781-4CF1-9B62-3AAD264F196D}.Release|x86.Build.0 = Release|Any CPU
		{C9BC51AC-22BD-4471-BEFD-D41D865C0B33}.AppStore|Any CPU.ActiveCfg = Release|Any CPU
		{C9BC51AC-22BD-4471-BEFD-D41D865C0B33}.AppStore|Any CPU.Build.0 = Release|Any CPU
		{C9BC51AC-22BD-4471-BEFD-D41D865C0B33}.AppStore|ARM.ActiveCfg = Debug|Any CPU
		{C9BC51AC-22BD-4471-BEFD-D41D865C0B33}.AppStore|ARM.Build.0 = Debug|Any CPU
		{C9BC51AC-22BD-4471-BEFD-D41D865C0B33}.AppStore|iPhone.ActiveCfg = Debug|Any CPU
		{C9BC51AC-22BD-4471-BEFD-D41D865C0B33}.AppStore|iPhoneSimulator.ActiveCfg = Debug|Any CPU
		{C9BC51AC-22BD-4471-BEFD-D41D865C0B33}.AppStore|x64.ActiveCfg = Debug|Any CPU
		{C9BC51AC-22BD-4471-BEFD-D41D865C0B33}.AppStore|x64.Build.0 = Debug|Any CPU
		{C9BC51AC-22BD-4471-BEFD-D41D865C0B33}.AppStore|x86.ActiveCfg = Debug|Any CPU
		{C9BC51AC-22BD-4471-BEFD-D41D865C0B33}.AppStore|x86.Build.0 = Debug|Any CPU
		{C9BC51AC-22BD-4471-BEFD-D41D865C0B33}.Debug|Any CPU.ActiveCfg = Debug|Any CPU
		{C9BC51AC-22BD-4471-BEFD-D41D865C0B33}.Debug|Any CPU.Build.0 = Debug|Any CPU
		{C9BC51AC-22BD-4471-BEFD-D41D865C0B33}.Debug|ARM.ActiveCfg = Debug|Any CPU
		{C9BC51AC-22BD-4471-BEFD-D41D865C0B33}.Debug|ARM.Build.0 = Debug|Any CPU
		{C9BC51AC-22BD-4471-BEFD-D41D865C0B33}.Debug|iPhone.ActiveCfg = Debug|Any CPU
		{C9BC51AC-22BD-4471-BEFD-D41D865C0B33}.Debug|iPhone.Build.0 = Debug|Any CPU
		{C9BC51AC-22BD-4471-BEFD-D41D865C0B33}.Debug|iPhoneSimulator.ActiveCfg = Debug|Any CPU
		{C9BC51AC-22BD-4471-BEFD-D41D865C0B33}.Debug|iPhoneSimulator.Build.0 = Debug|Any CPU
		{C9BC51AC-22BD-4471-BEFD-D41D865C0B33}.Debug|x64.ActiveCfg = Debug|Any CPU
		{C9BC51AC-22BD-4471-BEFD-D41D865C0B33}.Debug|x64.Build.0 = Debug|Any CPU
		{C9BC51AC-22BD-4471-BEFD-D41D865C0B33}.Debug|x86.ActiveCfg = Debug|Any CPU
		{C9BC51AC-22BD-4471-BEFD-D41D865C0B33}.Debug|x86.Build.0 = Debug|Any CPU
		{C9BC51AC-22BD-4471-BEFD-D41D865C0B33}.Release|Any CPU.ActiveCfg = Release|Any CPU
		{C9BC51AC-22BD-4471-BEFD-D41D865C0B33}.Release|Any CPU.Build.0 = Release|Any CPU
		{C9BC51AC-22BD-4471-BEFD-D41D865C0B33}.Release|ARM.ActiveCfg = Release|Any CPU
		{C9BC51AC-22BD-4471-BEFD-D41D865C0B33}.Release|ARM.Build.0 = Release|Any CPU
		{C9BC51AC-22BD-4471-BEFD-D41D865C0B33}.Release|iPhone.ActiveCfg = Release|Any CPU
		{C9BC51AC-22BD-4471-BEFD-D41D865C0B33}.Release|iPhone.Build.0 = Release|Any CPU
		{C9BC51AC-22BD-4471-BEFD-D41D865C0B33}.Release|iPhoneSimulator.ActiveCfg = Release|Any CPU
		{C9BC51AC-22BD-4471-BEFD-D41D865C0B33}.Release|iPhoneSimulator.Build.0 = Release|Any CPU
		{C9BC51AC-22BD-4471-BEFD-D41D865C0B33}.Release|x64.ActiveCfg = Release|Any CPU
		{C9BC51AC-22BD-4471-BEFD-D41D865C0B33}.Release|x64.Build.0 = Release|Any CPU
		{C9BC51AC-22BD-4471-BEFD-D41D865C0B33}.Release|x86.ActiveCfg = Release|Any CPU
		{C9BC51AC-22BD-4471-BEFD-D41D865C0B33}.Release|x86.Build.0 = Release|Any CPU
		{0948F97F-07E0-4DCB-8FDC-711EBDF1020A}.AppStore|Any CPU.ActiveCfg = Release|Any CPU
		{0948F97F-07E0-4DCB-8FDC-711EBDF1020A}.AppStore|Any CPU.Build.0 = Release|Any CPU
		{0948F97F-07E0-4DCB-8FDC-711EBDF1020A}.AppStore|ARM.ActiveCfg = Debug|Any CPU
		{0948F97F-07E0-4DCB-8FDC-711EBDF1020A}.AppStore|ARM.Build.0 = Debug|Any CPU
		{0948F97F-07E0-4DCB-8FDC-711EBDF1020A}.AppStore|ARM.Deploy.0 = Debug|Any CPU
		{0948F97F-07E0-4DCB-8FDC-711EBDF1020A}.AppStore|iPhone.ActiveCfg = Debug|Any CPU
		{0948F97F-07E0-4DCB-8FDC-711EBDF1020A}.AppStore|iPhoneSimulator.ActiveCfg = Debug|Any CPU
		{0948F97F-07E0-4DCB-8FDC-711EBDF1020A}.AppStore|x64.ActiveCfg = Debug|Any CPU
		{0948F97F-07E0-4DCB-8FDC-711EBDF1020A}.AppStore|x64.Build.0 = Debug|Any CPU
		{0948F97F-07E0-4DCB-8FDC-711EBDF1020A}.AppStore|x64.Deploy.0 = Debug|Any CPU
		{0948F97F-07E0-4DCB-8FDC-711EBDF1020A}.AppStore|x86.ActiveCfg = Debug|Any CPU
		{0948F97F-07E0-4DCB-8FDC-711EBDF1020A}.AppStore|x86.Build.0 = Debug|Any CPU
		{0948F97F-07E0-4DCB-8FDC-711EBDF1020A}.AppStore|x86.Deploy.0 = Debug|Any CPU
		{0948F97F-07E0-4DCB-8FDC-711EBDF1020A}.Debug|Any CPU.ActiveCfg = Debug|Any CPU
		{0948F97F-07E0-4DCB-8FDC-711EBDF1020A}.Debug|Any CPU.Build.0 = Debug|Any CPU
		{0948F97F-07E0-4DCB-8FDC-711EBDF1020A}.Debug|ARM.ActiveCfg = Debug|Any CPU
		{0948F97F-07E0-4DCB-8FDC-711EBDF1020A}.Debug|ARM.Build.0 = Debug|Any CPU
		{0948F97F-07E0-4DCB-8FDC-711EBDF1020A}.Debug|ARM.Deploy.0 = Debug|Any CPU
		{0948F97F-07E0-4DCB-8FDC-711EBDF1020A}.Debug|iPhone.ActiveCfg = Debug|Any CPU
		{0948F97F-07E0-4DCB-8FDC-711EBDF1020A}.Debug|iPhone.Build.0 = Debug|Any CPU
		{0948F97F-07E0-4DCB-8FDC-711EBDF1020A}.Debug|iPhoneSimulator.ActiveCfg = Debug|Any CPU
		{0948F97F-07E0-4DCB-8FDC-711EBDF1020A}.Debug|iPhoneSimulator.Build.0 = Debug|Any CPU
		{0948F97F-07E0-4DCB-8FDC-711EBDF1020A}.Debug|x64.ActiveCfg = Debug|Any CPU
		{0948F97F-07E0-4DCB-8FDC-711EBDF1020A}.Debug|x64.Build.0 = Debug|Any CPU
		{0948F97F-07E0-4DCB-8FDC-711EBDF1020A}.Debug|x64.Deploy.0 = Debug|Any CPU
		{0948F97F-07E0-4DCB-8FDC-711EBDF1020A}.Debug|x86.ActiveCfg = Debug|Any CPU
		{0948F97F-07E0-4DCB-8FDC-711EBDF1020A}.Debug|x86.Build.0 = Debug|Any CPU
		{0948F97F-07E0-4DCB-8FDC-711EBDF1020A}.Debug|x86.Deploy.0 = Debug|Any CPU
		{0948F97F-07E0-4DCB-8FDC-711EBDF1020A}.Release|Any CPU.ActiveCfg = Release|Any CPU
		{0948F97F-07E0-4DCB-8FDC-711EBDF1020A}.Release|Any CPU.Build.0 = Release|Any CPU
		{0948F97F-07E0-4DCB-8FDC-711EBDF1020A}.Release|ARM.ActiveCfg = Release|Any CPU
		{0948F97F-07E0-4DCB-8FDC-711EBDF1020A}.Release|ARM.Build.0 = Release|Any CPU
		{0948F97F-07E0-4DCB-8FDC-711EBDF1020A}.Release|ARM.Deploy.0 = Release|Any CPU
		{0948F97F-07E0-4DCB-8FDC-711EBDF1020A}.Release|iPhone.ActiveCfg = Release|Any CPU
		{0948F97F-07E0-4DCB-8FDC-711EBDF1020A}.Release|iPhone.Build.0 = Release|Any CPU
		{0948F97F-07E0-4DCB-8FDC-711EBDF1020A}.Release|iPhoneSimulator.ActiveCfg = Release|Any CPU
		{0948F97F-07E0-4DCB-8FDC-711EBDF1020A}.Release|iPhoneSimulator.Build.0 = Release|Any CPU
		{0948F97F-07E0-4DCB-8FDC-711EBDF1020A}.Release|x64.ActiveCfg = Release|Any CPU
		{0948F97F-07E0-4DCB-8FDC-711EBDF1020A}.Release|x64.Build.0 = Release|Any CPU
		{0948F97F-07E0-4DCB-8FDC-711EBDF1020A}.Release|x64.Deploy.0 = Release|Any CPU
		{0948F97F-07E0-4DCB-8FDC-711EBDF1020A}.Release|x86.ActiveCfg = Release|Any CPU
		{0948F97F-07E0-4DCB-8FDC-711EBDF1020A}.Release|x86.Build.0 = Release|Any CPU
		{0948F97F-07E0-4DCB-8FDC-711EBDF1020A}.Release|x86.Deploy.0 = Release|Any CPU
		{00A44D34-9CD1-4E5B-A1AD-248DE9B7F5BC}.AppStore|Any CPU.ActiveCfg = Debug|iPhoneSimulator
		{00A44D34-9CD1-4E5B-A1AD-248DE9B7F5BC}.AppStore|Any CPU.Build.0 = Debug|iPhoneSimulator
		{00A44D34-9CD1-4E5B-A1AD-248DE9B7F5BC}.AppStore|ARM.ActiveCfg = Debug|iPhone
		{00A44D34-9CD1-4E5B-A1AD-248DE9B7F5BC}.AppStore|ARM.Build.0 = Debug|iPhone
		{00A44D34-9CD1-4E5B-A1AD-248DE9B7F5BC}.AppStore|iPhone.ActiveCfg = Release|iPhone
		{00A44D34-9CD1-4E5B-A1AD-248DE9B7F5BC}.AppStore|iPhoneSimulator.ActiveCfg = Release|iPhoneSimulator
		{00A44D34-9CD1-4E5B-A1AD-248DE9B7F5BC}.AppStore|x64.ActiveCfg = Debug|iPhone
		{00A44D34-9CD1-4E5B-A1AD-248DE9B7F5BC}.AppStore|x64.Build.0 = Debug|iPhone
		{00A44D34-9CD1-4E5B-A1AD-248DE9B7F5BC}.AppStore|x86.ActiveCfg = Debug|iPhone
		{00A44D34-9CD1-4E5B-A1AD-248DE9B7F5BC}.AppStore|x86.Build.0 = Debug|iPhone
		{00A44D34-9CD1-4E5B-A1AD-248DE9B7F5BC}.Debug|Any CPU.ActiveCfg = Debug|iPhoneSimulator
		{00A44D34-9CD1-4E5B-A1AD-248DE9B7F5BC}.Debug|Any CPU.Build.0 = Debug|iPhoneSimulator
		{00A44D34-9CD1-4E5B-A1AD-248DE9B7F5BC}.Debug|ARM.ActiveCfg = Debug|iPhone
		{00A44D34-9CD1-4E5B-A1AD-248DE9B7F5BC}.Debug|iPhone.ActiveCfg = Debug|iPhone
		{00A44D34-9CD1-4E5B-A1AD-248DE9B7F5BC}.Debug|iPhone.Build.0 = Debug|iPhone
		{00A44D34-9CD1-4E5B-A1AD-248DE9B7F5BC}.Debug|iPhoneSimulator.ActiveCfg = Debug|iPhoneSimulator
		{00A44D34-9CD1-4E5B-A1AD-248DE9B7F5BC}.Debug|iPhoneSimulator.Build.0 = Debug|iPhoneSimulator
		{00A44D34-9CD1-4E5B-A1AD-248DE9B7F5BC}.Debug|x64.ActiveCfg = Debug|iPhone
		{00A44D34-9CD1-4E5B-A1AD-248DE9B7F5BC}.Debug|x86.ActiveCfg = Debug|iPhone
		{00A44D34-9CD1-4E5B-A1AD-248DE9B7F5BC}.Release|Any CPU.ActiveCfg = Release|iPhone
		{00A44D34-9CD1-4E5B-A1AD-248DE9B7F5BC}.Release|Any CPU.Build.0 = Release|iPhone
		{00A44D34-9CD1-4E5B-A1AD-248DE9B7F5BC}.Release|ARM.ActiveCfg = Release|iPhoneSimulator
		{00A44D34-9CD1-4E5B-A1AD-248DE9B7F5BC}.Release|iPhone.ActiveCfg = Release|iPhone
		{00A44D34-9CD1-4E5B-A1AD-248DE9B7F5BC}.Release|iPhone.Build.0 = Release|iPhone
		{00A44D34-9CD1-4E5B-A1AD-248DE9B7F5BC}.Release|iPhoneSimulator.ActiveCfg = Release|iPhoneSimulator
		{00A44D34-9CD1-4E5B-A1AD-248DE9B7F5BC}.Release|iPhoneSimulator.Build.0 = Release|iPhoneSimulator
		{00A44D34-9CD1-4E5B-A1AD-248DE9B7F5BC}.Release|x64.ActiveCfg = Release|iPhoneSimulator
		{00A44D34-9CD1-4E5B-A1AD-248DE9B7F5BC}.Release|x86.ActiveCfg = Release|iPhoneSimulator
		{9916A87B-5503-4E08-A21F-6CEB46CF09FD}.AppStore|Any CPU.ActiveCfg = Release|Any CPU
		{9916A87B-5503-4E08-A21F-6CEB46CF09FD}.AppStore|Any CPU.Build.0 = Release|Any CPU
		{9916A87B-5503-4E08-A21F-6CEB46CF09FD}.AppStore|ARM.ActiveCfg = Release|ARM
		{9916A87B-5503-4E08-A21F-6CEB46CF09FD}.AppStore|ARM.Build.0 = Release|ARM
		{9916A87B-5503-4E08-A21F-6CEB46CF09FD}.AppStore|iPhone.ActiveCfg = Debug|Any CPU
		{9916A87B-5503-4E08-A21F-6CEB46CF09FD}.AppStore|iPhoneSimulator.ActiveCfg = Debug|Any CPU
		{9916A87B-5503-4E08-A21F-6CEB46CF09FD}.AppStore|x64.ActiveCfg = Release|x64
		{9916A87B-5503-4E08-A21F-6CEB46CF09FD}.AppStore|x64.Build.0 = Release|x64
		{9916A87B-5503-4E08-A21F-6CEB46CF09FD}.AppStore|x86.ActiveCfg = Release|x86
		{9916A87B-5503-4E08-A21F-6CEB46CF09FD}.AppStore|x86.Build.0 = Release|x86
		{9916A87B-5503-4E08-A21F-6CEB46CF09FD}.Debug|Any CPU.ActiveCfg = Debug|Any CPU
		{9916A87B-5503-4E08-A21F-6CEB46CF09FD}.Debug|Any CPU.Build.0 = Debug|Any CPU
		{9916A87B-5503-4E08-A21F-6CEB46CF09FD}.Debug|ARM.ActiveCfg = Debug|ARM
		{9916A87B-5503-4E08-A21F-6CEB46CF09FD}.Debug|ARM.Build.0 = Debug|ARM
		{9916A87B-5503-4E08-A21F-6CEB46CF09FD}.Debug|iPhone.ActiveCfg = Debug|Any CPU
		{9916A87B-5503-4E08-A21F-6CEB46CF09FD}.Debug|iPhone.Build.0 = Debug|Any CPU
		{9916A87B-5503-4E08-A21F-6CEB46CF09FD}.Debug|iPhoneSimulator.ActiveCfg = Debug|Any CPU
		{9916A87B-5503-4E08-A21F-6CEB46CF09FD}.Debug|iPhoneSimulator.Build.0 = Debug|Any CPU
		{9916A87B-5503-4E08-A21F-6CEB46CF09FD}.Debug|x64.ActiveCfg = Debug|x64
		{9916A87B-5503-4E08-A21F-6CEB46CF09FD}.Debug|x64.Build.0 = Debug|x64
		{9916A87B-5503-4E08-A21F-6CEB46CF09FD}.Debug|x86.ActiveCfg = Debug|x86
		{9916A87B-5503-4E08-A21F-6CEB46CF09FD}.Debug|x86.Build.0 = Debug|x86
		{9916A87B-5503-4E08-A21F-6CEB46CF09FD}.Release|Any CPU.ActiveCfg = Release|Any CPU
		{9916A87B-5503-4E08-A21F-6CEB46CF09FD}.Release|Any CPU.Build.0 = Release|Any CPU
		{9916A87B-5503-4E08-A21F-6CEB46CF09FD}.Release|ARM.ActiveCfg = Release|ARM
		{9916A87B-5503-4E08-A21F-6CEB46CF09FD}.Release|ARM.Build.0 = Release|ARM
		{9916A87B-5503-4E08-A21F-6CEB46CF09FD}.Release|iPhone.ActiveCfg = Release|Any CPU
		{9916A87B-5503-4E08-A21F-6CEB46CF09FD}.Release|iPhone.Build.0 = Release|Any CPU
		{9916A87B-5503-4E08-A21F-6CEB46CF09FD}.Release|iPhoneSimulator.ActiveCfg = Release|Any CPU
		{9916A87B-5503-4E08-A21F-6CEB46CF09FD}.Release|iPhoneSimulator.Build.0 = Release|Any CPU
		{9916A87B-5503-4E08-A21F-6CEB46CF09FD}.Release|x64.ActiveCfg = Release|x64
		{9916A87B-5503-4E08-A21F-6CEB46CF09FD}.Release|x64.Build.0 = Release|x64
		{9916A87B-5503-4E08-A21F-6CEB46CF09FD}.Release|x86.ActiveCfg = Release|x86
		{9916A87B-5503-4E08-A21F-6CEB46CF09FD}.Release|x86.Build.0 = Release|x86
		{D1912CD5-0A3E-404C-8CAD-B786742BC926}.AppStore|Any CPU.ActiveCfg = Release|x64
		{D1912CD5-0A3E-404C-8CAD-B786742BC926}.AppStore|Any CPU.Build.0 = Release|x64
		{D1912CD5-0A3E-404C-8CAD-B786742BC926}.AppStore|Any CPU.Deploy.0 = Release|x64
		{D1912CD5-0A3E-404C-8CAD-B786742BC926}.AppStore|ARM.ActiveCfg = Release|ARM
		{D1912CD5-0A3E-404C-8CAD-B786742BC926}.AppStore|ARM.Build.0 = Release|ARM
		{D1912CD5-0A3E-404C-8CAD-B786742BC926}.AppStore|ARM.Deploy.0 = Release|ARM
		{D1912CD5-0A3E-404C-8CAD-B786742BC926}.AppStore|iPhone.ActiveCfg = Release|x64
		{D1912CD5-0A3E-404C-8CAD-B786742BC926}.AppStore|iPhone.Build.0 = Release|x64
		{D1912CD5-0A3E-404C-8CAD-B786742BC926}.AppStore|iPhone.Deploy.0 = Release|x64
		{D1912CD5-0A3E-404C-8CAD-B786742BC926}.AppStore|iPhoneSimulator.ActiveCfg = Release|x64
		{D1912CD5-0A3E-404C-8CAD-B786742BC926}.AppStore|iPhoneSimulator.Build.0 = Release|x64
		{D1912CD5-0A3E-404C-8CAD-B786742BC926}.AppStore|iPhoneSimulator.Deploy.0 = Release|x64
		{D1912CD5-0A3E-404C-8CAD-B786742BC926}.AppStore|x64.ActiveCfg = Release|x64
		{D1912CD5-0A3E-404C-8CAD-B786742BC926}.AppStore|x64.Build.0 = Release|x64
		{D1912CD5-0A3E-404C-8CAD-B786742BC926}.AppStore|x64.Deploy.0 = Release|x64
		{D1912CD5-0A3E-404C-8CAD-B786742BC926}.AppStore|x86.ActiveCfg = Release|x86
		{D1912CD5-0A3E-404C-8CAD-B786742BC926}.AppStore|x86.Build.0 = Release|x86
		{D1912CD5-0A3E-404C-8CAD-B786742BC926}.AppStore|x86.Deploy.0 = Release|x86
		{D1912CD5-0A3E-404C-8CAD-B786742BC926}.Debug|Any CPU.ActiveCfg = Debug|x86
		{D1912CD5-0A3E-404C-8CAD-B786742BC926}.Debug|Any CPU.Build.0 = Debug|x86
		{D1912CD5-0A3E-404C-8CAD-B786742BC926}.Debug|Any CPU.Deploy.0 = Debug|x86
		{D1912CD5-0A3E-404C-8CAD-B786742BC926}.Debug|ARM.ActiveCfg = Debug|ARM
		{D1912CD5-0A3E-404C-8CAD-B786742BC926}.Debug|ARM.Build.0 = Debug|ARM
		{D1912CD5-0A3E-404C-8CAD-B786742BC926}.Debug|ARM.Deploy.0 = Debug|ARM
		{D1912CD5-0A3E-404C-8CAD-B786742BC926}.Debug|iPhone.ActiveCfg = Debug|x86
		{D1912CD5-0A3E-404C-8CAD-B786742BC926}.Debug|iPhoneSimulator.ActiveCfg = Debug|x86
		{D1912CD5-0A3E-404C-8CAD-B786742BC926}.Debug|x64.ActiveCfg = Debug|x64
		{D1912CD5-0A3E-404C-8CAD-B786742BC926}.Debug|x64.Build.0 = Debug|x64
		{D1912CD5-0A3E-404C-8CAD-B786742BC926}.Debug|x64.Deploy.0 = Debug|x64
		{D1912CD5-0A3E-404C-8CAD-B786742BC926}.Debug|x86.ActiveCfg = Debug|x86
		{D1912CD5-0A3E-404C-8CAD-B786742BC926}.Debug|x86.Build.0 = Debug|x86
		{D1912CD5-0A3E-404C-8CAD-B786742BC926}.Debug|x86.Deploy.0 = Debug|x86
		{D1912CD5-0A3E-404C-8CAD-B786742BC926}.Release|Any CPU.ActiveCfg = Release|x86
		{D1912CD5-0A3E-404C-8CAD-B786742BC926}.Release|ARM.ActiveCfg = Release|ARM
		{D1912CD5-0A3E-404C-8CAD-B786742BC926}.Release|ARM.Build.0 = Release|ARM
		{D1912CD5-0A3E-404C-8CAD-B786742BC926}.Release|ARM.Deploy.0 = Release|ARM
		{D1912CD5-0A3E-404C-8CAD-B786742BC926}.Release|iPhone.ActiveCfg = Release|x86
		{D1912CD5-0A3E-404C-8CAD-B786742BC926}.Release|iPhoneSimulator.ActiveCfg = Release|x86
		{D1912CD5-0A3E-404C-8CAD-B786742BC926}.Release|x64.ActiveCfg = Release|x64
		{D1912CD5-0A3E-404C-8CAD-B786742BC926}.Release|x64.Build.0 = Release|x64
		{D1912CD5-0A3E-404C-8CAD-B786742BC926}.Release|x64.Deploy.0 = Release|x64
		{D1912CD5-0A3E-404C-8CAD-B786742BC926}.Release|x86.ActiveCfg = Release|x86
		{D1912CD5-0A3E-404C-8CAD-B786742BC926}.Release|x86.Build.0 = Release|x86
		{D1912CD5-0A3E-404C-8CAD-B786742BC926}.Release|x86.Deploy.0 = Release|x86
	EndGlobalSection
	GlobalSection(SolutionProperties) = preSolution
		HideSolutionNode = FALSE
	EndGlobalSection
	GlobalSection(MonoDevelopProperties) = preSolution
		version = 2.4.0
	EndGlobalSection
EndGlobal
