
Microsoft Visual Studio Solution File, Format Version 12.00
# Visual Studio 2012
Project("{FAE04EC0-301F-11D3-BF4B-00C04F79EFBC}") = "XFViewPager", "XFViewPager\XFViewPager.csproj", "{3F94EF97-4B4F-4CA9-8F60-02A88D8A1890}"
EndProject
Project("{FAE04EC0-301F-11D3-BF4B-00C04F79EFBC}") = "XFViewPager.iOS", "iOS\XFViewPager.iOS.csproj", "{D01146C6-FE2F-4498-BC40-6419B2103C0A}"
EndProject
Project("{FAE04EC0-301F-11D3-BF4B-00C04F79EFBC}") = "XFViewPager.Droid", "Droid\XFViewPager.Droid.csproj", "{DBD2F481-1AF2-4DFC-AA78-C28D6E28975B}"
EndProject
Global
	GlobalSection(SolutionConfigurationPlatforms) = preSolution
		Debug|Any CPU = Debug|Any CPU
		Release|Any CPU = Release|Any CPU
		Debug|iPhoneSimulator = Debug|iPhoneSimulator
		Release|iPhone = Release|iPhone
		Release|iPhoneSimulator = Release|iPhoneSimulator
		Debug|iPhone = Debug|iPhone
	EndGlobalSection
	GlobalSection(ProjectConfigurationPlatforms) = postSolution
		{3F94EF97-4B4F-4CA9-8F60-02A88D8A1890}.Debug|Any CPU.ActiveCfg = Debug|Any CPU
		{3F94EF97-4B4F-4CA9-8F60-02A88D8A1890}.Debug|Any CPU.Build.0 = Debug|Any CPU
		{3F94EF97-4B4F-4CA9-8F60-02A88D8A1890}.Debug|iPhone.ActiveCfg = Debug|Any CPU
		{3F94EF97-4B4F-4CA9-8F60-02A88D8A1890}.Debug|iPhone.Build.0 = Debug|Any CPU
		{3F94EF97-4B4F-4CA9-8F60-02A88D8A1890}.Debug|iPhoneSimulator.ActiveCfg = Debug|Any CPU
		{3F94EF97-4B4F-4CA9-8F60-02A88D8A1890}.Debug|iPhoneSimulator.Build.0 = Debug|Any CPU
		{3F94EF97-4B4F-4CA9-8F60-02A88D8A1890}.Release|Any CPU.ActiveCfg = Release|Any CPU
		{3F94EF97-4B4F-4CA9-8F60-02A88D8A1890}.Release|Any CPU.Build.0 = Release|Any CPU
		{3F94EF97-4B4F-4CA9-8F60-02A88D8A1890}.Release|iPhone.ActiveCfg = Release|Any CPU
		{3F94EF97-4B4F-4CA9-8F60-02A88D8A1890}.Release|iPhone.Build.0 = Release|Any CPU
		{3F94EF97-4B4F-4CA9-8F60-02A88D8A1890}.Release|iPhoneSimulator.ActiveCfg = Release|Any CPU
		{3F94EF97-4B4F-4CA9-8F60-02A88D8A1890}.Release|iPhoneSimulator.Build.0 = Release|Any CPU
		{D01146C6-FE2F-4498-BC40-6419B2103C0A}.Debug|Any CPU.ActiveCfg = Debug|iPhoneSimulator
		{D01146C6-FE2F-4498-BC40-6419B2103C0A}.Debug|Any CPU.Build.0 = Debug|iPhoneSimulator
		{D01146C6-FE2F-4498-BC40-6419B2103C0A}.Debug|iPhone.ActiveCfg = Debug|iPhone
		{D01146C6-FE2F-4498-BC40-6419B2103C0A}.Debug|iPhone.Build.0 = Debug|iPhone
		{D01146C6-FE2F-4498-BC40-6419B2103C0A}.Debug|iPhoneSimulator.ActiveCfg = Debug|iPhoneSimulator
		{D01146C6-FE2F-4498-BC40-6419B2103C0A}.Debug|iPhoneSimulator.Build.0 = Debug|iPhoneSimulator
		{D01146C6-FE2F-4498-BC40-6419B2103C0A}.Release|Any CPU.ActiveCfg = Release|iPhone
		{D01146C6-FE2F-4498-BC40-6419B2103C0A}.Release|Any CPU.Build.0 = Release|iPhone
		{D01146C6-FE2F-4498-BC40-6419B2103C0A}.Release|iPhone.ActiveCfg = Release|iPhone
		{D01146C6-FE2F-4498-BC40-6419B2103C0A}.Release|iPhone.Build.0 = Release|iPhone
		{D01146C6-FE2F-4498-BC40-6419B2103C0A}.Release|iPhoneSimulator.ActiveCfg = Release|iPhoneSimulator
		{D01146C6-FE2F-4498-BC40-6419B2103C0A}.Release|iPhoneSimulator.Build.0 = Release|iPhoneSimulator
		{DBD2F481-1AF2-4DFC-AA78-C28D6E28975B}.Debug|Any CPU.ActiveCfg = Debug|Any CPU
		{DBD2F481-1AF2-4DFC-AA78-C28D6E28975B}.Debug|Any CPU.Build.0 = Debug|Any CPU
		{DBD2F481-1AF2-4DFC-AA78-C28D6E28975B}.Debug|iPhone.ActiveCfg = Debug|Any CPU
		{DBD2F481-1AF2-4DFC-AA78-C28D6E28975B}.Debug|iPhone.Build.0 = Debug|Any CPU
		{DBD2F481-1AF2-4DFC-AA78-C28D6E28975B}.Debug|iPhoneSimulator.ActiveCfg = Debug|Any CPU
		{DBD2F481-1AF2-4DFC-AA78-C28D6E28975B}.Debug|iPhoneSimulator.Build.0 = Debug|Any CPU
		{DBD2F481-1AF2-4DFC-AA78-C28D6E28975B}.Release|Any CPU.ActiveCfg = Release|Any CPU
		{DBD2F481-1AF2-4DFC-AA78-C28D6E28975B}.Release|Any CPU.Build.0 = Release|Any CPU
		{DBD2F481-1AF2-4DFC-AA78-C28D6E28975B}.Release|iPhone.ActiveCfg = Release|Any CPU
		{DBD2F481-1AF2-4DFC-AA78-C28D6E28975B}.Release|iPhone.Build.0 = Release|Any CPU
		{DBD2F481-1AF2-4DFC-AA78-C28D6E28975B}.Release|iPhoneSimulator.ActiveCfg = Release|Any CPU
		{DBD2F481-1AF2-4DFC-AA78-C28D6E28975B}.Release|iPhoneSimulator.Build.0 = Release|Any CPU
	EndGlobalSection
EndGlobal
